// !$*UTF8*$!
{
	archiveVersion = 1;
	classes = {
	};
	objectVersion = 46;
	objects = {

/* Begin PBXBuildFile section */
		D5038BB71B7BD30A0029BA57 /* PlaySoundsViewController.swift in Sources */ = {isa = PBXBuildFile; fileRef = D5038BB61B7BD30A0029BA57 /* PlaySoundsViewController.swift */; };
		D5038BBB1B7D1CF60029BA57 /* RecordAudio.swift in Sources */ = {isa = PBXBuildFile; fileRef = D5038BBA1B7D1CF60029BA57 /* RecordAudio.swift */; };
		D5441E4F1B7B844300260EB8 /* AppDelegate.swift in Sources */ = {isa = PBXBuildFile; fileRef = D5441E4E1B7B844300260EB8 /* AppDelegate.swift */; };
		D5441E511B7B844300260EB8 /* RecordSoundsViewController.swift in Sources */ = {isa = PBXBuildFile; fileRef = D5441E501B7B844300260EB8 /* RecordSoundsViewController.swift */; };
		D5441E541B7B844300260EB8 /* Main.storyboard in Resources */ = {isa = PBXBuildFile; fileRef = D5441E521B7B844300260EB8 /* Main.storyboard */; };
		D5441E561B7B844300260EB8 /* Assets.xcassets in Resources */ = {isa = PBXBuildFile; fileRef = D5441E551B7B844300260EB8 /* Assets.xcassets */; };
		D5441E641B7B844300260EB8 /* Pitch_PerfectTests.swift in Sources */ = {isa = PBXBuildFile; fileRef = D5441E631B7B844300260EB8 /* Pitch_PerfectTests.swift */; };
		D5441E6F1B7B844300260EB8 /* Pitch_PerfectUITests.swift in Sources */ = {isa = PBXBuildFile; fileRef = D5441E6E1B7B844300260EB8 /* Pitch_PerfectUITests.swift */; };
		D5D0AB461B80F37800ED0801 /* AudioEffects.swift in Sources */ = {isa = PBXBuildFile; fileRef = D5D0AB451B80F37800ED0801 /* AudioEffects.swift */; };
		D5F3242F1B836F4600DBCABB /* Launch Screen.xib in Resources */ = {isa = PBXBuildFile; fileRef = D5F3242E1B836F4600DBCABB /* Launch Screen.xib */; };
/* End PBXBuildFile section */

/* Begin PBXContainerItemProxy section */
		D5441E601B7B844300260EB8 /* PBXContainerItemProxy */ = {
			isa = PBXContainerItemProxy;
			containerPortal = D5441E431B7B844200260EB8 /* Project object */;
			proxyType = 1;
			remoteGlobalIDString = D5441E4A1B7B844300260EB8;
			remoteInfo = "Pitch Perfect";
		};
		D5441E6B1B7B844300260EB8 /* PBXContainerItemProxy */ = {
			isa = PBXContainerItemProxy;
			containerPortal = D5441E431B7B844200260EB8 /* Project object */;
			proxyType = 1;
			remoteGlobalIDString = D5441E4A1B7B844300260EB8;
			remoteInfo = "Pitch Perfect";
		};
/* End PBXContainerItemProxy section */

/* Begin PBXFileReference section */
		D5038BB61B7BD30A0029BA57 /* PlaySoundsViewController.swift */ = {isa = PBXFileReference; fileEncoding = 4; lastKnownFileType = sourcecode.swift; path = PlaySoundsViewController.swift; sourceTree = "<group>"; };
		D5038BBA1B7D1CF60029BA57 /* RecordAudio.swift */ = {isa = PBXFileReference; fileEncoding = 4; lastKnownFileType = sourcecode.swift; path = RecordAudio.swift; sourceTree = "<group>"; };
		D5441E4B1B7B844300260EB8 /* Pitch Perfect.app */ = {isa = PBXFileReference; explicitFileType = wrapper.application; includeInIndex = 0; path = "Pitch Perfect.app"; sourceTree = BUILT_PRODUCTS_DIR; };
		D5441E4E1B7B844300260EB8 /* AppDelegate.swift */ = {isa = PBXFileReference; lastKnownFileType = sourcecode.swift; path = AppDelegate.swift; sourceTree = "<group>"; };
		D5441E501B7B844300260EB8 /* RecordSoundsViewController.swift */ = {isa = PBXFileReference; lastKnownFileType = sourcecode.swift; path = RecordSoundsViewController.swift; sourceTree = "<group>"; };
		D5441E531B7B844300260EB8 /* Base */ = {isa = PBXFileReference; lastKnownFileType = file.storyboard; name = Base; path = Base.lproj/Main.storyboard; sourceTree = "<group>"; };
		D5441E551B7B844300260EB8 /* Assets.xcassets */ = {isa = PBXFileReference; lastKnownFileType = folder.assetcatalog; path = Assets.xcassets; sourceTree = "<group>"; };
		D5441E5A1B7B844300260EB8 /* Info.plist */ = {isa = PBXFileReference; lastKnownFileType = text.plist.xml; path = Info.plist; sourceTree = "<group>"; };
		D5441E5F1B7B844300260EB8 /* Pitch PerfectTests.bundle */ = {isa = PBXFileReference; explicitFileType = wrapper.cfbundle; includeInIndex = 0; path = "Pitch PerfectTests.bundle"; sourceTree = BUILT_PRODUCTS_DIR; };
		D5441E631B7B844300260EB8 /* Pitch_PerfectTests.swift */ = {isa = PBXFileReference; lastKnownFileType = sourcecode.swift; path = Pitch_PerfectTests.swift; sourceTree = "<group>"; };
		D5441E651B7B844300260EB8 /* Info.plist */ = {isa = PBXFileReference; lastKnownFileType = text.plist.xml; path = Info.plist; sourceTree = "<group>"; };
		D5441E6A1B7B844300260EB8 /* Pitch PerfectUITests.bundle */ = {isa = PBXFileReference; explicitFileType = wrapper.cfbundle; includeInIndex = 0; path = "Pitch PerfectUITests.bundle"; sourceTree = BUILT_PRODUCTS_DIR; };
		D5441E6E1B7B844300260EB8 /* Pitch_PerfectUITests.swift */ = {isa = PBXFileReference; lastKnownFileType = sourcecode.swift; path = Pitch_PerfectUITests.swift; sourceTree = "<group>"; };
		D5441E701B7B844300260EB8 /* Info.plist */ = {isa = PBXFileReference; lastKnownFileType = text.plist.xml; path = Info.plist; sourceTree = "<group>"; };
		D5D0AB451B80F37800ED0801 /* AudioEffects.swift */ = {isa = PBXFileReference; fileEncoding = 4; lastKnownFileType = sourcecode.swift; path = AudioEffects.swift; sourceTree = "<group>"; };
		D5F3242E1B836F4600DBCABB /* Launch Screen.xib */ = {isa = PBXFileReference; fileEncoding = 4; lastKnownFileType = file.xib; path = "Launch Screen.xib"; sourceTree = "<group>"; };
/* End PBXFileReference section */

/* Begin PBXFrameworksBuildPhase section */
		D5441E481B7B844300260EB8 /* Frameworks */ = {
			isa = PBXFrameworksBuildPhase;
			buildActionMask = 2147483647;
			files = (
			);
			runOnlyForDeploymentPostprocessing = 0;
		};
		D5441E5C1B7B844300260EB8 /* Frameworks */ = {
			isa = PBXFrameworksBuildPhase;
			buildActionMask = 2147483647;
			files = (
			);
			runOnlyForDeploymentPostprocessing = 0;
		};
		D5441E671B7B844300260EB8 /* Frameworks */ = {
			isa = PBXFrameworksBuildPhase;
			buildActionMask = 2147483647;
			files = (
			);
			runOnlyForDeploymentPostprocessing = 0;
		};
/* End PBXFrameworksBuildPhase section */

/* Begin PBXGroup section */
		D5441E421B7B844200260EB8 = {
			isa = PBXGroup;
			children = (
				D5441E4D1B7B844300260EB8 /* Pitch Perfect */,
				D5441E621B7B844300260EB8 /* Pitch PerfectTests */,
				D5441E6D1B7B844300260EB8 /* Pitch PerfectUITests */,
				D5441E4C1B7B844300260EB8 /* Products */,
			);
			sourceTree = "<group>";
		};
		D5441E4C1B7B844300260EB8 /* Products */ = {
			isa = PBXGroup;
			children = (
				D5441E4B1B7B844300260EB8 /* Pitch Perfect.app */,
				D5441E5F1B7B844300260EB8 /* Pitch PerfectTests.bundle */,
				D5441E6A1B7B844300260EB8 /* Pitch PerfectUITests.bundle */,
			);
			name = Products;
			sourceTree = "<group>";
		};
		D5441E4D1B7B844300260EB8 /* Pitch Perfect */ = {
			isa = PBXGroup;
			children = (
				D5441E4E1B7B844300260EB8 /* AppDelegate.swift */,
				D5441E501B7B844300260EB8 /* RecordSoundsViewController.swift */,
				D5038BB61B7BD30A0029BA57 /* PlaySoundsViewController.swift */,
				D5038BBA1B7D1CF60029BA57 /* RecordAudio.swift */,
				D5D0AB451B80F37800ED0801 /* AudioEffects.swift */,
				D5441E521B7B844300260EB8 /* Main.storyboard */,
				D5441E551B7B844300260EB8 /* Assets.xcassets */,
				D5F3242E1B836F4600DBCABB /* Launch Screen.xib */,
				D5441E5A1B7B844300260EB8 /* Info.plist */,
			);
			path = "Pitch Perfect";
			sourceTree = "<group>";
		};
		D5441E621B7B844300260EB8 /* Pitch PerfectTests */ = {
			isa = PBXGroup;
			children = (
				D5441E631B7B844300260EB8 /* Pitch_PerfectTests.swift */,
				D5441E651B7B844300260EB8 /* Info.plist */,
			);
			path = "Pitch PerfectTests";
			sourceTree = "<group>";
		};
		D5441E6D1B7B844300260EB8 /* Pitch PerfectUITests */ = {
			isa = PBXGroup;
			children = (
				D5441E6E1B7B844300260EB8 /* Pitch_PerfectUITests.swift */,
				D5441E701B7B844300260EB8 /* Info.plist */,
			);
			path = "Pitch PerfectUITests";
			sourceTree = "<group>";
		};
/* End PBXGroup section */

/* Begin PBXNativeTarget section */
		D5441E4A1B7B844300260EB8 /* Pitch Perfect */ = {
			isa = PBXNativeTarget;
			buildConfigurationList = D5441E731B7B844300260EB8 /* Build configuration list for PBXNativeTarget "Pitch Perfect" */;
			buildPhases = (
				D5441E471B7B844300260EB8 /* Sources */,
				D5441E481B7B844300260EB8 /* Frameworks */,
				D5441E491B7B844300260EB8 /* Resources */,
			);
			buildRules = (
			);
			dependencies = (
			);
			name = "Pitch Perfect";
			productName = "Pitch Perfect";
			productReference = D5441E4B1B7B844300260EB8 /* Pitch Perfect.app */;
			productType = "com.apple.product-type.application";
		};
		D5441E5E1B7B844300260EB8 /* Pitch PerfectTests */ = {
			isa = PBXNativeTarget;
			buildConfigurationList = D5441E761B7B844300260EB8 /* Build configuration list for PBXNativeTarget "Pitch PerfectTests" */;
			buildPhases = (
				D5441E5B1B7B844300260EB8 /* Sources */,
				D5441E5C1B7B844300260EB8 /* Frameworks */,
				D5441E5D1B7B844300260EB8 /* Resources */,
			);
			buildRules = (
			);
			dependencies = (
				D5441E611B7B844300260EB8 /* PBXTargetDependency */,
			);
			name = "Pitch PerfectTests";
			productName = "Pitch PerfectTests";
			productReference = D5441E5F1B7B844300260EB8 /* Pitch PerfectTests.bundle */;
			productType = "com.apple.product-type.bundle";
		};
		D5441E691B7B844300260EB8 /* Pitch PerfectUITests */ = {
			isa = PBXNativeTarget;
			buildConfigurationList = D5441E791B7B844300260EB8 /* Build configuration list for PBXNativeTarget "Pitch PerfectUITests" */;
			buildPhases = (
				D5441E661B7B844300260EB8 /* Sources */,
				D5441E671B7B844300260EB8 /* Frameworks */,
				D5441E681B7B844300260EB8 /* Resources */,
			);
			buildRules = (
			);
			dependencies = (
				D5441E6C1B7B844300260EB8 /* PBXTargetDependency */,
			);
			name = "Pitch PerfectUITests";
			productName = "Pitch PerfectUITests";
			productReference = D5441E6A1B7B844300260EB8 /* Pitch PerfectUITests.bundle */;
			productType = "com.apple.product-type.bundle";
		};
/* End PBXNativeTarget section */

/* Begin PBXProject section */
		D5441E431B7B844200260EB8 /* Project object */ = {
			isa = PBXProject;
			attributes = {
				LastUpgradeCheck = 0700;
				ORGANIZATIONNAME = "Cedeno Enterprise, Inc";
				TargetAttributes = {
					D5441E4A1B7B844300260EB8 = {
						CreatedOnToolsVersion = 7.0;
						DevelopmentTeam = EY6W2CNG26;
					};
					D5441E5E1B7B844300260EB8 = {
						CreatedOnToolsVersion = 7.0;
						TestTargetID = D5441E4A1B7B844300260EB8;
					};
					D5441E691B7B844300260EB8 = {
						CreatedOnToolsVersion = 7.0;
						TestTargetID = D5441E4A1B7B844300260EB8;
					};
				};
			};
			buildConfigurationList = D5441E461B7B844200260EB8 /* Build configuration list for PBXProject "Pitch Perfect" */;
			compatibilityVersion = "Xcode 3.2";
			developmentRegion = English;
			hasScannedForEncodings = 0;
			knownRegions = (
				en,
				Base,
			);
			mainGroup = D5441E421B7B844200260EB8;
			productRefGroup = D5441E4C1B7B844300260EB8 /* Products */;
			projectDirPath = "";
			projectRoot = "";
			targets = (
				D5441E4A1B7B844300260EB8 /* Pitch Perfect */,
				D5441E5E1B7B844300260EB8 /* Pitch PerfectTests */,
				D5441E691B7B844300260EB8 /* Pitch PerfectUITests */,
			);
		};
/* End PBXProject section */

/* Begin PBXResourcesBuildPhase section */
		D5441E491B7B844300260EB8 /* Resources */ = {
			isa = PBXResourcesBuildPhase;
			buildActionMask = 2147483647;
			files = (
				D5F3242F1B836F4600DBCABB /* Launch Screen.xib in Resources */,
				D5441E561B7B844300260EB8 /* Assets.xcassets in Resources */,
				D5441E541B7B844300260EB8 /* Main.storyboard in Resources */,
			);
			runOnlyForDeploymentPostprocessing = 0;
		};
		D5441E5D1B7B844300260EB8 /* Resources */ = {
			isa = PBXResourcesBuildPhase;
			buildActionMask = 2147483647;
			files = (
			);
			runOnlyForDeploymentPostprocessing = 0;
		};
		D5441E681B7B844300260EB8 /* Resources */ = {
			isa = PBXResourcesBuildPhase;
			buildActionMask = 2147483647;
			files = (
			);
			runOnlyForDeploymentPostprocessing = 0;
		};
/* End PBXResourcesBuildPhase section */

/* Begin PBXSourcesBuildPhase section */
		D5441E471B7B844300260EB8 /* Sources */ = {
			isa = PBXSourcesBuildPhase;
			buildActionMask = 2147483647;
			files = (
				D5441E511B7B844300260EB8 /* RecordSoundsViewController.swift in Sources */,
				D5038BBB1B7D1CF60029BA57 /* RecordAudio.swift in Sources */,
				D5D0AB461B80F37800ED0801 /* AudioEffects.swift in Sources */,
				D5038BB71B7BD30A0029BA57 /* PlaySoundsViewController.swift in Sources */,
				D5441E4F1B7B844300260EB8 /* AppDelegate.swift in Sources */,
			);
			runOnlyForDeploymentPostprocessing = 0;
		};
		D5441E5B1B7B844300260EB8 /* Sources */ = {
			isa = PBXSourcesBuildPhase;
			buildActionMask = 2147483647;
			files = (
				D5441E641B7B844300260EB8 /* Pitch_PerfectTests.swift in Sources */,
			);
			runOnlyForDeploymentPostprocessing = 0;
		};
		D5441E661B7B844300260EB8 /* Sources */ = {
			isa = PBXSourcesBuildPhase;
			buildActionMask = 2147483647;
			files = (
				D5441E6F1B7B844300260EB8 /* Pitch_PerfectUITests.swift in Sources */,
			);
			runOnlyForDeploymentPostprocessing = 0;
		};
/* End PBXSourcesBuildPhase section */

/* Begin PBXTargetDependency section */
		D5441E611B7B844300260EB8 /* PBXTargetDependency */ = {
			isa = PBXTargetDependency;
			target = D5441E4A1B7B844300260EB8 /* Pitch Perfect */;
			targetProxy = D5441E601B7B844300260EB8 /* PBXContainerItemProxy */;
		};
		D5441E6C1B7B844300260EB8 /* PBXTargetDependency */ = {
			isa = PBXTargetDependency;
			target = D5441E4A1B7B844300260EB8 /* Pitch Perfect */;
			targetProxy = D5441E6B1B7B844300260EB8 /* PBXContainerItemProxy */;
		};
/* End PBXTargetDependency section */

/* Begin PBXVariantGroup section */
		D5441E521B7B844300260EB8 /* Main.storyboard */ = {
			isa = PBXVariantGroup;
			children = (
				D5441E531B7B844300260EB8 /* Base */,
			);
			name = Main.storyboard;
			sourceTree = "<group>";
		};
/* End PBXVariantGroup section */

/* Begin XCBuildConfiguration section */
		D5441E711B7B844300260EB8 /* Debug */ = {
			isa = XCBuildConfiguration;
			buildSettings = {
				ALWAYS_SEARCH_USER_PATHS = NO;
				CLANG_CXX_LANGUAGE_STANDARD = "gnu++0x";
				CLANG_CXX_LIBRARY = "libc++";
				CLANG_ENABLE_MODULES = YES;
				CLANG_ENABLE_OBJC_ARC = YES;
				CLANG_WARN_BOOL_CONVERSION = YES;
				CLANG_WARN_CONSTANT_CONVERSION = YES;
				CLANG_WARN_DIRECT_OBJC_ISA_USAGE = YES_ERROR;
				CLANG_WARN_EMPTY_BODY = YES;
				CLANG_WARN_ENUM_CONVERSION = YES;
				CLANG_WARN_INT_CONVERSION = YES;
				CLANG_WARN_OBJC_ROOT_CLASS = YES_ERROR;
				CLANG_WARN_UNREACHABLE_CODE = YES;
				CLANG_WARN__DUPLICATE_METHOD_MATCH = YES;
				"CODE_SIGN_IDENTITY[sdk=iphoneos*]" = "iPhone Developer";
				COPY_PHASE_STRIP = NO;
				DEBUG_INFORMATION_FORMAT = dwarf;
				ENABLE_STRICT_OBJC_MSGSEND = YES;
				ENABLE_TESTABILITY = YES;
				GCC_C_LANGUAGE_STANDARD = gnu99;
				GCC_DYNAMIC_NO_PIC = NO;
				GCC_NO_COMMON_BLOCKS = YES;
				GCC_OPTIMIZATION_LEVEL = 0;
				GCC_PREPROCESSOR_DEFINITIONS = (
					"DEBUG=1",
					"$(inherited)",
				);
				GCC_WARN_64_TO_32_BIT_CONVERSION = YES;
				GCC_WARN_ABOUT_RETURN_TYPE = YES_ERROR;
				GCC_WARN_UNDECLARED_SELECTOR = YES;
				GCC_WARN_UNINITIALIZED_AUTOS = YES_AGGRESSIVE;
				GCC_WARN_UNUSED_FUNCTION = YES;
				GCC_WARN_UNUSED_VARIABLE = YES;
				IPHONEOS_DEPLOYMENT_TARGET = 9.0;
				MTL_ENABLE_DEBUG_INFO = YES;
				ONLY_ACTIVE_ARCH = YES;
				SDKROOT = iphoneos;
				SWIFT_OPTIMIZATION_LEVEL = "-Onone";
			};
			name = Debug;
		};
		D5441E721B7B844300260EB8 /* Release */ = {
			isa = XCBuildConfiguration;
			buildSettings = {
				ALWAYS_SEARCH_USER_PATHS = NO;
				CLANG_CXX_LANGUAGE_STANDARD = "gnu++0x";
				CLANG_CXX_LIBRARY = "libc++";
				CLANG_ENABLE_MODULES = YES;
				CLANG_ENABLE_OBJC_ARC = YES;
				CLANG_WARN_BOOL_CONVERSION = YES;
				CLANG_WARN_CONSTANT_CONVERSION = YES;
				CLANG_WARN_DIRECT_OBJC_ISA_USAGE = YES_ERROR;
				CLANG_WARN_EMPTY_BODY = YES;
				CLANG_WARN_ENUM_CONVERSION = YES;
				CLANG_WARN_INT_CONVERSION = YES;
				CLANG_WARN_OBJC_ROOT_CLASS = YES_ERROR;
				CLANG_WARN_UNREACHABLE_CODE = YES;
				CLANG_WARN__DUPLICATE_METHOD_MATCH = YES;
				"CODE_SIGN_IDENTITY[sdk=iphoneos*]" = "iPhone Developer";
				COPY_PHASE_STRIP = NO;
				DEBUG_INFORMATION_FORMAT = "dwarf-with-dsym";
				ENABLE_NS_ASSERTIONS = NO;
				ENABLE_STRICT_OBJC_MSGSEND = YES;
				GCC_C_LANGUAGE_STANDARD = gnu99;
				GCC_NO_COMMON_BLOCKS = YES;
				GCC_WARN_64_TO_32_BIT_CONVERSION = YES;
				GCC_WARN_ABOUT_RETURN_TYPE = YES_ERROR;
				GCC_WARN_UNDECLARED_SELECTOR = YES;
				GCC_WARN_UNINITIALIZED_AUTOS = YES_AGGRESSIVE;
				GCC_WARN_UNUSED_FUNCTION = YES;
				GCC_WARN_UNUSED_VARIABLE = YES;
				IPHONEOS_DEPLOYMENT_TARGET = 9.0;
				MTL_ENABLE_DEBUG_INFO = NO;
				SDKROOT = iphoneos;
				VALIDATE_PRODUCT = YES;
			};
			name = Release;
		};
		D5441E741B7B844300260EB8 /* Debug */ = {
			isa = XCBuildConfiguration;
			buildSettings = {
				ASSETCATALOG_COMPILER_APPICON_NAME = AppIcon;
				CODE_SIGN_IDENTITY = "iPhone Developer";
				"CODE_SIGN_IDENTITY[sdk=iphoneos*]" = "iPhone Developer";
				INFOPLIST_FILE = "Pitch Perfect/Info.plist";
				IPHONEOS_DEPLOYMENT_TARGET = 8.4;
				LD_RUNPATH_SEARCH_PATHS = "$(inherited) @executable_path/Frameworks";
				PRODUCT_BUNDLE_IDENTIFIER = "com.cedenoenterprise.Pitch-Perfect";
				PRODUCT_NAME = "$(TARGET_NAME)";
				PROVISIONING_PROFILE = "";
				SWIFT_OPTIMIZATION_LEVEL = "-Onone";
			};
			name = Debug;
		};
		D5441E751B7B844300260EB8 /* Release */ = {
			isa = XCBuildConfiguration;
			buildSettings = {
				ASSETCATALOG_COMPILER_APPICON_NAME = AppIcon;
				CODE_SIGN_IDENTITY = "iPhone Developer";
				"CODE_SIGN_IDENTITY[sdk=iphoneos*]" = "iPhone Developer";
				INFOPLIST_FILE = "Pitch Perfect/Info.plist";
				IPHONEOS_DEPLOYMENT_TARGET = 8.4;
				LD_RUNPATH_SEARCH_PATHS = "$(inherited) @executable_path/Frameworks";
				PRODUCT_BUNDLE_IDENTIFIER = "com.cedenoenterprise.Pitch-Perfect";
				PRODUCT_NAME = "$(TARGET_NAME)";
				PROVISIONING_PROFILE = "";
				SWIFT_OPTIMIZATION_LEVEL = "-Onone";
			};
			name = Release;
		};
		D5441E771B7B844300260EB8 /* Debug */ = {
			isa = XCBuildConfiguration;
			buildSettings = {
				BUNDLE_LOADER = "$(TEST_HOST)";
				INFOPLIST_FILE = "Pitch PerfectTests/Info.plist";
				IPHONEOS_DEPLOYMENT_TARGET = 8.4;
				LD_RUNPATH_SEARCH_PATHS = "$(inherited) @executable_path/Frameworks @loader_path/Frameworks";
				PRODUCT_BUNDLE_IDENTIFIER = "com.cedenoenterprise.Pitch-PerfectTests";
				PRODUCT_NAME = "$(TARGET_NAME)";
				TEST_HOST = "$(BUILT_PRODUCTS_DIR)/Pitch Perfect.app/Pitch Perfect";
			};
			name = Debug;
		};
		D5441E781B7B844300260EB8 /* Release */ = {
			isa = XCBuildConfiguration;
			buildSettings = {
				BUNDLE_LOADER = "$(TEST_HOST)";
				INFOPLIST_FILE = "Pitch PerfectTests/Info.plist";
				IPHONEOS_DEPLOYMENT_TARGET = 8.4;
				LD_RUNPATH_SEARCH_PATHS = "$(inherited) @executable_path/Frameworks @loader_path/Frameworks";
				PRODUCT_BUNDLE_IDENTIFIER = "com.cedenoenterprise.Pitch-PerfectTests";
				PRODUCT_NAME = "$(TARGET_NAME)";
				TEST_HOST = "$(BUILT_PRODUCTS_DIR)/Pitch Perfect.app/Pitch Perfect";
			};
			name = Release;
		};
		D5441E7A1B7B844300260EB8 /* Debug */ = {
			isa = XCBuildConfiguration;
			buildSettings = {
				INFOPLIST_FILE = "Pitch PerfectUITests/Info.plist";
				IPHONEOS_DEPLOYMENT_TARGET = 8.4;
				LD_RUNPATH_SEARCH_PATHS = "$(inherited) @executable_path/Frameworks @loader_path/Frameworks";
				PRODUCT_BUNDLE_IDENTIFIER = "com.cedenoenterprise.Pitch-PerfectUITests";
				PRODUCT_NAME = "$(TARGET_NAME)";
				TEST_TARGET_NAME = "Pitch Perfect";
				USES_XCTRUNNER = YES;
			};
			name = Debug;
		};
		D5441E7B1B7B844300260EB8 /* Release */ = {
			isa = XCBuildConfiguration;
			buildSettings = {
				INFOPLIST_FILE = "Pitch PerfectUITests/Info.plist";
				IPHONEOS_DEPLOYMENT_TARGET = 8.4;
				LD_RUNPATH_SEARCH_PATHS = "$(inherited) @executable_path/Frameworks @loader_path/Frameworks";
				PRODUCT_BUNDLE_IDENTIFIER = "com.cedenoenterprise.Pitch-PerfectUITests";
				PRODUCT_NAME = "$(TARGET_NAME)";
				TEST_TARGET_NAME = "Pitch Perfect";
				USES_XCTRUNNER = YES;
			};
			name = Release;
		};
/* End XCBuildConfiguration section */

/* Begin XCConfigurationList section */
		D5441E461B7B844200260EB8 /* Build configuration list for PBXProject "Pitch Perfect" */ = {
			isa = XCConfigurationList;
			buildConfigurations = (
				D5441E711B7B844300260EB8 /* Debug */,
				D5441E721B7B844300260EB8 /* Release */,
			);
			defaultConfigurationIsVisible = 0;
			defaultConfigurationName = Release;
		};
		D5441E731B7B844300260EB8 /* Build configuration list for PBXNativeTarget "Pitch Perfect" */ = {
			isa = XCConfigurationList;
			buildConfigurations = (
				D5441E741B7B844300260EB8 /* Debug */,
				D5441E751B7B844300260EB8 /* Release */,
			);
			defaultConfigurationIsVisible = 0;
			defaultConfigurationName = Release;
		};
		D5441E761B7B844300260EB8 /* Build configuration list for PBXNativeTarget "Pitch PerfectTests" */ = {
			isa = XCConfigurationList;
			buildConfigurations = (
				D5441E771B7B844300260EB8 /* Debug */,
				D5441E781B7B844300260EB8 /* Release */,
			);
			defaultConfigurationIsVisible = 0;
			defaultConfigurationName = Release;
		};
		D5441E791B7B844300260EB8 /* Build configuration list for PBXNativeTarget "Pitch PerfectUITests" */ = {
			isa = XCConfigurationList;
			buildConfigurations = (
				D5441E7A1B7B844300260EB8 /* Debug */,
				D5441E7B1B7B844300260EB8 /* Release */,
			);
			defaultConfigurationIsVisible = 0;
			defaultConfigurationName = Release;
		};
/* End XCConfigurationList section */
	};
	rootObject = D5441E431B7B844200260EB8 /* Project object */;
}
